// !$*UTF8*$!
{
	archiveVersion = 1;
	classes = {
	};
	objectVersion = 48;
	objects = {

/* Begin PBXBuildFile section */
		289061491FFDD5D400E95BEE /* AppDelegate.swift in Sources */ = {isa = PBXBuildFile; fileRef = 289061481FFDD5D400E95BEE /* AppDelegate.swift */; };
		2890614B1FFDD5D400E95BEE /* ToDoListViewController.swift in Sources */ = {isa = PBXBuildFile; fileRef = 2890614A1FFDD5D400E95BEE /* ToDoListViewController.swift */; };
		2890614E1FFDD5D400E95BEE /* Main.storyboard in Resources */ = {isa = PBXBuildFile; fileRef = 2890614C1FFDD5D400E95BEE /* Main.storyboard */; };
		289061501FFDD5D400E95BEE /* Assets.xcassets in Resources */ = {isa = PBXBuildFile; fileRef = 2890614F1FFDD5D400E95BEE /* Assets.xcassets */; };
		289061531FFDD5D400E95BEE /* LaunchScreen.storyboard in Resources */ = {isa = PBXBuildFile; fileRef = 289061511FFDD5D400E95BEE /* LaunchScreen.storyboard */; };
		2890616520012BDD00E95BEE /* Default-568h@2x.png in Resources */ = {isa = PBXBuildFile; fileRef = 2890616420012BDD00E95BEE /* Default-568h@2x.png */; };
		2890618B200BFFA400E95BEE /* CategoryViewController.swift in Sources */ = {isa = PBXBuildFile; fileRef = 2890618A200BFFA400E95BEE /* CategoryViewController.swift */; };
		2890618F2015971B00E95BEE /* Item.swift in Sources */ = {isa = PBXBuildFile; fileRef = 2890618E2015971B00E95BEE /* Item.swift */; };
		289061912015972E00E95BEE /* Category.swift in Sources */ = {isa = PBXBuildFile; fileRef = 289061902015972E00E95BEE /* Category.swift */; };
		28906193201ADE1B00E95BEE /* SwipeTableViewController.swift in Sources */ = {isa = PBXBuildFile; fileRef = 28906192201ADE1B00E95BEE /* SwipeTableViewController.swift */; };
		7AFFD09B4F93E1BBCB7F4A84 /* Pods_TableTest.framework in Frameworks */ = {isa = PBXBuildFile; fileRef = 9C9F9E174EE363056A8C0A1C /* Pods_TableTest.framework */; };
/* End PBXBuildFile section */

/* Begin PBXFileReference section */
		289061451FFDD5D400E95BEE /* TableTest.app */ = {isa = PBXFileReference; explicitFileType = wrapper.application; includeInIndex = 0; path = TableTest.app; sourceTree = BUILT_PRODUCTS_DIR; };
		289061481FFDD5D400E95BEE /* AppDelegate.swift */ = {isa = PBXFileReference; lastKnownFileType = sourcecode.swift; path = AppDelegate.swift; sourceTree = "<group>"; };
		2890614A1FFDD5D400E95BEE /* ToDoListViewController.swift */ = {isa = PBXFileReference; lastKnownFileType = sourcecode.swift; path = ToDoListViewController.swift; sourceTree = "<group>"; };
		2890614D1FFDD5D400E95BEE /* Base */ = {isa = PBXFileReference; lastKnownFileType = file.storyboard; name = Base; path = Base.lproj/Main.storyboard; sourceTree = "<group>"; };
		2890614F1FFDD5D400E95BEE /* Assets.xcassets */ = {isa = PBXFileReference; lastKnownFileType = folder.assetcatalog; path = Assets.xcassets; sourceTree = "<group>"; };
		289061521FFDD5D400E95BEE /* Base */ = {isa = PBXFileReference; lastKnownFileType = file.storyboard; name = Base; path = Base.lproj/LaunchScreen.storyboard; sourceTree = "<group>"; };
		289061541FFDD5D400E95BEE /* Info.plist */ = {isa = PBXFileReference; lastKnownFileType = text.plist.xml; path = Info.plist; sourceTree = "<group>"; };
		2890616420012BDD00E95BEE /* Default-568h@2x.png */ = {isa = PBXFileReference; lastKnownFileType = image.png; path = "Default-568h@2x.png"; sourceTree = "<group>"; };
		2890618A200BFFA400E95BEE /* CategoryViewController.swift */ = {isa = PBXFileReference; lastKnownFileType = sourcecode.swift; path = CategoryViewController.swift; sourceTree = "<group>"; };
		2890618E2015971B00E95BEE /* Item.swift */ = {isa = PBXFileReference; lastKnownFileType = sourcecode.swift; path = Item.swift; sourceTree = "<group>"; };
		289061902015972E00E95BEE /* Category.swift */ = {isa = PBXFileReference; lastKnownFileType = sourcecode.swift; path = Category.swift; sourceTree = "<group>"; };
		28906192201ADE1B00E95BEE /* SwipeTableViewController.swift */ = {isa = PBXFileReference; lastKnownFileType = sourcecode.swift; path = SwipeTableViewController.swift; sourceTree = "<group>"; };
		2CCBF5F43774CAB01D0CF150 /* Pods-TableTest.release.xcconfig */ = {isa = PBXFileReference; includeInIndex = 1; lastKnownFileType = text.xcconfig; name = "Pods-TableTest.release.xcconfig"; path = "Pods/Target Support Files/Pods-TableTest/Pods-TableTest.release.xcconfig"; sourceTree = "<group>"; };
		9C9F9E174EE363056A8C0A1C /* Pods_TableTest.framework */ = {isa = PBXFileReference; explicitFileType = wrapper.framework; includeInIndex = 0; path = Pods_TableTest.framework; sourceTree = BUILT_PRODUCTS_DIR; };
		D8A2AA6A0DB617AE707C2C7F /* Pods-TableTest.debug.xcconfig */ = {isa = PBXFileReference; includeInIndex = 1; lastKnownFileType = text.xcconfig; name = "Pods-TableTest.debug.xcconfig"; path = "Pods/Target Support Files/Pods-TableTest/Pods-TableTest.debug.xcconfig"; sourceTree = "<group>"; };
/* End PBXFileReference section */

/* Begin PBXFrameworksBuildPhase section */
		289061421FFDD5D400E95BEE /* Frameworks */ = {
			isa = PBXFrameworksBuildPhase;
			buildActionMask = 2147483647;
			files = (
				7AFFD09B4F93E1BBCB7F4A84 /* Pods_TableTest.framework in Frameworks */,
			);
			runOnlyForDeploymentPostprocessing = 0;
		};
/* End PBXFrameworksBuildPhase section */

/* Begin PBXGroup section */
		2890613C1FFDD5D400E95BEE = {
			isa = PBXGroup;
			children = (
				2890616420012BDD00E95BEE /* Default-568h@2x.png */,
				289061471FFDD5D400E95BEE /* TableTest */,
				289061461FFDD5D400E95BEE /* Products */,
				CA0E522B7374FC3C268826DD /* Pods */,
				D33F8FEFDB59C1E607B0C46F /* Frameworks */,
			);
			sourceTree = "<group>";
		};
		289061461FFDD5D400E95BEE /* Products */ = {
			isa = PBXGroup;
			children = (
				289061451FFDD5D400E95BEE /* TableTest.app */,
			);
			name = Products;
			sourceTree = "<group>";
		};
		289061471FFDD5D400E95BEE /* TableTest */ = {
			isa = PBXGroup;
			children = (
				289061481FFDD5D400E95BEE /* AppDelegate.swift */,
				289061632001295A00E95BEE /* Controllers */,
				289061622001294F00E95BEE /* Views */,
				289061612001293800E95BEE /* SupportingFile */,
				28906160200128ED00E95BEE /* DataModel */,
			);
			path = TableTest;
			sourceTree = "<group>";
		};
		28906160200128ED00E95BEE /* DataModel */ = {
			isa = PBXGroup;
			children = (
				2890618E2015971B00E95BEE /* Item.swift */,
				289061902015972E00E95BEE /* Category.swift */,
			);
			path = DataModel;
			sourceTree = "<group>";
		};
		289061612001293800E95BEE /* SupportingFile */ = {
			isa = PBXGroup;
			children = (
				2890614F1FFDD5D400E95BEE /* Assets.xcassets */,
				289061511FFDD5D400E95BEE /* LaunchScreen.storyboard */,
				289061541FFDD5D400E95BEE /* Info.plist */,
			);
			path = SupportingFile;
			sourceTree = "<group>";
		};
		289061622001294F00E95BEE /* Views */ = {
			isa = PBXGroup;
			children = (
				2890614C1FFDD5D400E95BEE /* Main.storyboard */,
			);
			path = Views;
			sourceTree = "<group>";
		};
		289061632001295A00E95BEE /* Controllers */ = {
			isa = PBXGroup;
			children = (
				2890618A200BFFA400E95BEE /* CategoryViewController.swift */,
				2890614A1FFDD5D400E95BEE /* ToDoListViewController.swift */,
				28906192201ADE1B00E95BEE /* SwipeTableViewController.swift */,
			);
			path = Controllers;
			sourceTree = "<group>";
		};
		CA0E522B7374FC3C268826DD /* Pods */ = {
			isa = PBXGroup;
			children = (
				D8A2AA6A0DB617AE707C2C7F /* Pods-TableTest.debug.xcconfig */,
				2CCBF5F43774CAB01D0CF150 /* Pods-TableTest.release.xcconfig */,
			);
			name = Pods;
			sourceTree = "<group>";
		};
		D33F8FEFDB59C1E607B0C46F /* Frameworks */ = {
			isa = PBXGroup;
			children = (
				9C9F9E174EE363056A8C0A1C /* Pods_TableTest.framework */,
			);
			name = Frameworks;
			sourceTree = "<group>";
		};
/* End PBXGroup section */

/* Begin PBXNativeTarget section */
		289061441FFDD5D400E95BEE /* TableTest */ = {
			isa = PBXNativeTarget;
			buildConfigurationList = 289061571FFDD5D400E95BEE /* Build configuration list for PBXNativeTarget "TableTest" */;
			buildPhases = (
				45E5092B9CF19F80F8502F13 /* [CP] Check Pods Manifest.lock */,
				289061411FFDD5D400E95BEE /* Sources */,
				289061421FFDD5D400E95BEE /* Frameworks */,
				289061431FFDD5D400E95BEE /* Resources */,
				9AC0F180F255B1A20FDB164F /* [CP] Embed Pods Frameworks */,
				5981053C97DB0FC7BEDF3A09 /* [CP] Copy Pods Resources */,
			);
			buildRules = (
			);
			dependencies = (
			);
			name = TableTest;
			productName = TableTest;
			productReference = 289061451FFDD5D400E95BEE /* TableTest.app */;
			productType = "com.apple.product-type.application";
		};
/* End PBXNativeTarget section */

/* Begin PBXProject section */
		2890613D1FFDD5D400E95BEE /* Project object */ = {
			isa = PBXProject;
			attributes = {
				LastSwiftUpdateCheck = 0920;
				LastUpgradeCheck = 0920;
				ORGANIZATIONNAME = AlveenaFalaq;
				TargetAttributes = {
					289061441FFDD5D400E95BEE = {
						CreatedOnToolsVersion = 9.2;
						ProvisioningStyle = Automatic;
					};
				};
			};
			buildConfigurationList = 289061401FFDD5D400E95BEE /* Build configuration list for PBXProject "TableTest" */;
			compatibilityVersion = "Xcode 8.0";
			developmentRegion = en;
			hasScannedForEncodings = 0;
			knownRegions = (
				en,
				Base,
			);
			mainGroup = 2890613C1FFDD5D400E95BEE;
			productRefGroup = 289061461FFDD5D400E95BEE /* Products */;
			projectDirPath = "";
			projectRoot = "";
			targets = (
				289061441FFDD5D400E95BEE /* TableTest */,
			);
		};
/* End PBXProject section */

/* Begin PBXResourcesBuildPhase section */
		289061431FFDD5D400E95BEE /* Resources */ = {
			isa = PBXResourcesBuildPhase;
			buildActionMask = 2147483647;
			files = (
				289061531FFDD5D400E95BEE /* LaunchScreen.storyboard in Resources */,
				2890616520012BDD00E95BEE /* Default-568h@2x.png in Resources */,
				289061501FFDD5D400E95BEE /* Assets.xcassets in Resources */,
				2890614E1FFDD5D400E95BEE /* Main.storyboard in Resources */,
			);
			runOnlyForDeploymentPostprocessing = 0;
		};
/* End PBXResourcesBuildPhase section */

/* Begin PBXShellScriptBuildPhase section */
		45E5092B9CF19F80F8502F13 /* [CP] Check Pods Manifest.lock */ = {
			isa = PBXShellScriptBuildPhase;
			buildActionMask = 2147483647;
			files = (
			);
			inputPaths = (
				"${PODS_PODFILE_DIR_PATH}/Podfile.lock",
				"${PODS_ROOT}/Manifest.lock",
			);
			name = "[CP] Check Pods Manifest.lock";
			outputPaths = (
				"$(DERIVED_FILE_DIR)/Pods-TableTest-checkManifestLockResult.txt",
			);
			runOnlyForDeploymentPostprocessing = 0;
			shellPath = /bin/sh;
			shellScript = "diff \"${PODS_PODFILE_DIR_PATH}/Podfile.lock\" \"${PODS_ROOT}/Manifest.lock\" > /dev/null\nif [ $? != 0 ] ; then\n    # print error to STDERR\n    echo \"error: The sandbox is not in sync with the Podfile.lock. Run 'pod install' or update your CocoaPods installation.\" >&2\n    exit 1\nfi\n# This output is used by Xcode 'outputs' to avoid re-running this script phase.\necho \"SUCCESS\" > \"${SCRIPT_OUTPUT_FILE_0}\"\n";
			showEnvVarsInLog = 0;
		};
		5981053C97DB0FC7BEDF3A09 /* [CP] Copy Pods Resources */ = {
			isa = PBXShellScriptBuildPhase;
			buildActionMask = 2147483647;
			files = (
			);
			inputPaths = (
			);
			name = "[CP] Copy Pods Resources";
			outputPaths = (
			);
			runOnlyForDeploymentPostprocessing = 0;
			shellPath = /bin/sh;
			shellScript = "\"${SRCROOT}/Pods/Target Support Files/Pods-TableTest/Pods-TableTest-resources.sh\"\n";
			showEnvVarsInLog = 0;
		};
		9AC0F180F255B1A20FDB164F /* [CP] Embed Pods Frameworks */ = {
			isa = PBXShellScriptBuildPhase;
			buildActionMask = 2147483647;
			files = (
			);
			inputPaths = (
				"${SRCROOT}/Pods/Target Support Files/Pods-TableTest/Pods-TableTest-frameworks.sh",
				"${BUILT_PRODUCTS_DIR}/ChameleonFramework/ChameleonFramework.framework",
				"${BUILT_PRODUCTS_DIR}/Realm/Realm.framework",
				"${BUILT_PRODUCTS_DIR}/RealmSwift/RealmSwift.framework",
				"${BUILT_PRODUCTS_DIR}/SwipeCellKit/SwipeCellKit.framework",
			);
			name = "[CP] Embed Pods Frameworks";
			outputPaths = (
				"${TARGET_BUILD_DIR}/${FRAMEWORKS_FOLDER_PATH}/ChameleonFramework.framework",
				"${TARGET_BUILD_DIR}/${FRAMEWORKS_FOLDER_PATH}/Realm.framework",
				"${TARGET_BUILD_DIR}/${FRAMEWORKS_FOLDER_PATH}/RealmSwift.framework",
				"${TARGET_BUILD_DIR}/${FRAMEWORKS_FOLDER_PATH}/SwipeCellKit.framework",
			);
			runOnlyForDeploymentPostprocessing = 0;
			shellPath = /bin/sh;
			shellScript = "\"${SRCROOT}/Pods/Target Support Files/Pods-TableTest/Pods-TableTest-frameworks.sh\"\n";
			showEnvVarsInLog = 0;
		};
/* End PBXShellScriptBuildPhase section */

/* Begin PBXSourcesBuildPhase section */
		289061411FFDD5D400E95BEE /* Sources */ = {
			isa = PBXSourcesBuildPhase;
			buildActionMask = 2147483647;
			files = (
				2890618B200BFFA400E95BEE /* CategoryViewController.swift in Sources */,
				2890614B1FFDD5D400E95BEE /* ToDoListViewController.swift in Sources */,
				2890618F2015971B00E95BEE /* Item.swift in Sources */,
				289061491FFDD5D400E95BEE /* AppDelegate.swift in Sources */,
				28906193201ADE1B00E95BEE /* SwipeTableViewController.swift in Sources */,
				289061912015972E00E95BEE /* Category.swift in Sources */,
			);
			runOnlyForDeploymentPostprocessing = 0;
		};
/* End PBXSourcesBuildPhase section */

/* Begin PBXVariantGroup section */
		2890614C1FFDD5D400E95BEE /* Main.storyboard */ = {
			isa = PBXVariantGroup;
			children = (
				2890614D1FFDD5D400E95BEE /* Base */,
			);
			name = Main.storyboard;
			sourceTree = "<group>";
		};
		289061511FFDD5D400E95BEE /* LaunchScreen.storyboard */ = {
			isa = PBXVariantGroup;
			children = (
				289061521FFDD5D400E95BEE /* Base */,
			);
			name = LaunchScreen.storyboard;
			sourceTree = "<group>";
		};
/* End PBXVariantGroup section */

/* Begin XCBuildConfiguration section */
		289061551FFDD5D400E95BEE /* Debug */ = {
			isa = XCBuildConfiguration;
			buildSettings = {
				ALWAYS_SEARCH_USER_PATHS = NO;
				CLANG_ANALYZER_NONNULL = YES;
				CLANG_ANALYZER_NUMBER_OBJECT_CONVERSION = YES_AGGRESSIVE;
				CLANG_CXX_LANGUAGE_STANDARD = "gnu++14";
				CLANG_CXX_LIBRARY = "libc++";
				CLANG_ENABLE_MODULES = YES;
				CLANG_ENABLE_OBJC_ARC = YES;
				CLANG_WARN_BLOCK_CAPTURE_AUTORELEASING = YES;
				CLANG_WARN_BOOL_CONVERSION = YES;
				CLANG_WARN_COMMA = YES;
				CLANG_WARN_CONSTANT_CONVERSION = YES;
				CLANG_WARN_DIRECT_OBJC_ISA_USAGE = YES_ERROR;
				CLANG_WARN_DOCUMENTATION_COMMENTS = YES;
				CLANG_WARN_EMPTY_BODY = YES;
				CLANG_WARN_ENUM_CONVERSION = YES;
				CLANG_WARN_INFINITE_RECURSION = YES;
				CLANG_WARN_INT_CONVERSION = YES;
				CLANG_WARN_NON_LITERAL_NULL_CONVERSION = YES;
				CLANG_WARN_OBJC_LITERAL_CONVERSION = YES;
				CLANG_WARN_OBJC_ROOT_CLASS = YES_ERROR;
				CLANG_WARN_RANGE_LOOP_ANALYSIS = YES;
				CLANG_WARN_STRICT_PROTOTYPES = YES;
				CLANG_WARN_SUSPICIOUS_MOVE = YES;
				CLANG_WARN_UNGUARDED_AVAILABILITY = YES_AGGRESSIVE;
				CLANG_WARN_UNREACHABLE_CODE = YES;
				CLANG_WARN__DUPLICATE_METHOD_MATCH = YES;
				CODE_SIGN_IDENTITY = "iPhone Developer";
				COPY_PHASE_STRIP = NO;
				DEBUG_INFORMATION_FORMAT = dwarf;
				ENABLE_STRICT_OBJC_MSGSEND = YES;
				ENABLE_TESTABILITY = YES;
				GCC_C_LANGUAGE_STANDARD = gnu11;
				GCC_DYNAMIC_NO_PIC = NO;
				GCC_NO_COMMON_BLOCKS = YES;
				GCC_OPTIMIZATION_LEVEL = 0;
				GCC_PREPROCESSOR_DEFINITIONS = (
					"DEBUG=1",
					"$(inherited)",
				);
				GCC_WARN_64_TO_32_BIT_CONVERSION = YES;
				GCC_WARN_ABOUT_RETURN_TYPE = YES_ERROR;
				GCC_WARN_UNDECLARED_SELECTOR = YES;
				GCC_WARN_UNINITIALIZED_AUTOS = YES_AGGRESSIVE;
				GCC_WARN_UNUSED_FUNCTION = YES;
				GCC_WARN_UNUSED_VARIABLE = YES;
				IPHONEOS_DEPLOYMENT_TARGET = 11.2;
				MTL_ENABLE_DEBUG_INFO = YES;
				ONLY_ACTIVE_ARCH = YES;
				SDKROOT = iphoneos;
				SWIFT_ACTIVE_COMPILATION_CONDITIONS = DEBUG;
				SWIFT_OPTIMIZATION_LEVEL = "-Onone";
			};
			name = Debug;
		};
		289061561FFDD5D400E95BEE /* Release */ = {
			isa = XCBuildConfiguration;
			buildSettings = {
				ALWAYS_SEARCH_USER_PATHS = NO;
				CLANG_ANALYZER_NONNULL = YES;
				CLANG_ANALYZER_NUMBER_OBJECT_CONVERSION = YES_AGGRESSIVE;
				CLANG_CXX_LANGUAGE_STANDARD = "gnu++14";
				CLANG_CXX_LIBRARY = "libc++";
				CLANG_ENABLE_MODULES = YES;
				CLANG_ENABLE_OBJC_ARC = YES;
				CLANG_WARN_BLOCK_CAPTURE_AUTORELEASING = YES;
				CLANG_WARN_BOOL_CONVERSION = YES;
				CLANG_WARN_COMMA = YES;
				CLANG_WARN_CONSTANT_CONVERSION = YES;
				CLANG_WARN_DIRECT_OBJC_ISA_USAGE = YES_ERROR;
				CLANG_WARN_DOCUMENTATION_COMMENTS = YES;
				CLANG_WARN_EMPTY_BODY = YES;
				CLANG_WARN_ENUM_CONVERSION = YES;
				CLANG_WARN_INFINITE_RECURSION = YES;
				CLANG_WARN_INT_CONVERSION = YES;
				CLANG_WARN_NON_LITERAL_NULL_CONVERSION = YES;
				CLANG_WARN_OBJC_LITERAL_CONVERSION = YES;
				CLANG_WARN_OBJC_ROOT_CLASS = YES_ERROR;
				CLANG_WARN_RANGE_LOOP_ANALYSIS = YES;
				CLANG_WARN_STRICT_PROTOTYPES = YES;
				CLANG_WARN_SUSPICIOUS_MOVE = YES;
				CLANG_WARN_UNGUARDED_AVAILABILITY = YES_AGGRESSIVE;
				CLANG_WARN_UNREACHABLE_CODE = YES;
				CLANG_WARN__DUPLICATE_METHOD_MATCH = YES;
				CODE_SIGN_IDENTITY = "iPhone Developer";
				COPY_PHASE_STRIP = NO;
				DEBUG_INFORMATION_FORMAT = "dwarf-with-dsym";
				ENABLE_NS_ASSERTIONS = NO;
				ENABLE_STRICT_OBJC_MSGSEND = YES;
				GCC_C_LANGUAGE_STANDARD = gnu11;
				GCC_NO_COMMON_BLOCKS = YES;
				GCC_WARN_64_TO_32_BIT_CONVERSION = YES;
				GCC_WARN_ABOUT_RETURN_TYPE = YES_ERROR;
				GCC_WARN_UNDECLARED_SELECTOR = YES;
				GCC_WARN_UNINITIALIZED_AUTOS = YES_AGGRESSIVE;
				GCC_WARN_UNUSED_FUNCTION = YES;
				GCC_WARN_UNUSED_VARIABLE = YES;
				IPHONEOS_DEPLOYMENT_TARGET = 11.2;
				MTL_ENABLE_DEBUG_INFO = NO;
				SDKROOT = iphoneos;
				SWIFT_OPTIMIZATION_LEVEL = "-Owholemodule";
				VALIDATE_PRODUCT = YES;
			};
			name = Release;
		};
		289061581FFDD5D400E95BEE /* Debug */ = {
			isa = XCBuildConfiguration;
			baseConfigurationReference = D8A2AA6A0DB617AE707C2C7F /* Pods-TableTest.debug.xcconfig */;
			buildSettings = {
				ASSETCATALOG_COMPILER_APPICON_NAME = AppIcon;
				CODE_SIGN_STYLE = Automatic;
				DEVELOPMENT_TEAM = LHMXKGU4QX;
				INFOPLIST_FILE = TableTest/Info.plist;
				IPHONEOS_DEPLOYMENT_TARGET = 11.2;
				LD_RUNPATH_SEARCH_PATHS = "$(inherited) @executable_path/Frameworks";
				PRODUCT_BUNDLE_IDENTIFIER = com.Asif.TableTest;
				PRODUCT_NAME = "$(TARGET_NAME)";
				SWIFT_VERSION = 4.0;
				TARGETED_DEVICE_FAMILY = 1;
			};
			name = Debug;
		};
		289061591FFDD5D400E95BEE /* Release */ = {
			isa = XCBuildConfiguration;
			baseConfigurationReference = 2CCBF5F43774CAB01D0CF150 /* Pods-TableTest.release.xcconfig */;
			buildSettings = {
				ASSETCATALOG_COMPILER_APPICON_NAME = AppIcon;
				CODE_SIGN_STYLE = Automatic;
				DEVELOPMENT_TEAM = LHMXKGU4QX;
				INFOPLIST_FILE = TableTest/Info.plist;
				IPHONEOS_DEPLOYMENT_TARGET = 11.2;
				LD_RUNPATH_SEARCH_PATHS = "$(inherited) @executable_path/Frameworks";
				PRODUCT_BUNDLE_IDENTIFIER = com.Asif.TableTest;
				PRODUCT_NAME = "$(TARGET_NAME)";
				SWIFT_VERSION = 4.0;
				TARGETED_DEVICE_FAMILY = 1;
			};
			name = Release;
		};
/* End XCBuildConfiguration section */

/* Begin XCConfigurationList section */
		289061401FFDD5D400E95BEE /* Build configuration list for PBXProject "TableTest" */ = {
			isa = XCConfigurationList;
			buildConfigurations = (
				289061551FFDD5D400E95BEE /* Debug */,
				289061561FFDD5D400E95BEE /* Release */,
			);
			defaultConfigurationIsVisible = 0;
			defaultConfigurationName = Release;
		};
		289061571FFDD5D400E95BEE /* Build configuration list for PBXNativeTarget "TableTest" */ = {
			isa = XCConfigurationList;
			buildConfigurations = (
				289061581FFDD5D400E95BEE /* Debug */,
				289061591FFDD5D400E95BEE /* Release */,
			);
			defaultConfigurationIsVisible = 0;
			defaultConfigurationName = Release;
		};
/* End XCConfigurationList section */
	};
	rootObject = 2890613D1FFDD5D400E95BEE /* Project object */;
}
